// !$*UTF8*$!
{
	archiveVersion = 1;
	classes = {
	};
	objectVersion = 50;
	objects = {

/* Begin PBXBuildFile section */
		D35C16F9265135F500D6EC6C /* AppDelegate.swift in Sources */ = {isa = PBXBuildFile; fileRef = D35C16F8265135F500D6EC6C /* AppDelegate.swift */; };
		D35C16FB265135F500D6EC6C /* SceneDelegate.swift in Sources */ = {isa = PBXBuildFile; fileRef = D35C16FA265135F500D6EC6C /* SceneDelegate.swift */; };
		D35C16FD265135F500D6EC6C /* ViewController.swift in Sources */ = {isa = PBXBuildFile; fileRef = D35C16FC265135F500D6EC6C /* ViewController.swift */; };
		D35C1700265135F500D6EC6C /* Main.storyboard in Resources */ = {isa = PBXBuildFile; fileRef = D35C16FE265135F500D6EC6C /* Main.storyboard */; };
		D35C1702265135F500D6EC6C /* Assets.xcassets in Resources */ = {isa = PBXBuildFile; fileRef = D35C1701265135F500D6EC6C /* Assets.xcassets */; };
		D35C1705265135F500D6EC6C /* LaunchScreen.storyboard in Resources */ = {isa = PBXBuildFile; fileRef = D35C1703265135F500D6EC6C /* LaunchScreen.storyboard */; };
		D35C171A2651365600D6EC6C /* Warcraft.framework in Frameworks */ = {isa = PBXBuildFile; fileRef = D35C17132651361F00D6EC6C /* Warcraft.framework */; };
		D35C171B2651365600D6EC6C /* Warcraft.framework in Embed Frameworks */ = {isa = PBXBuildFile; fileRef = D35C17132651361F00D6EC6C /* Warcraft.framework */; settings = {ATTRIBUTES = (CodeSignOnCopy, RemoveHeadersOnCopy, ); }; };
/* End PBXBuildFile section */

/* Begin PBXContainerItemProxy section */
		D35C17122651361F00D6EC6C /* PBXContainerItemProxy */ = {
			isa = PBXContainerItemProxy;
			containerPortal = D35C170D2651361F00D6EC6C /* Warcraft.xcodeproj */;
			proxyType = 2;
			remoteGlobalIDString = D35C16CC2651356700D6EC6C;
			remoteInfo = Warcraft;
		};
		D35C17142651361F00D6EC6C /* PBXContainerItemProxy */ = {
			isa = PBXContainerItemProxy;
			containerPortal = D35C170D2651361F00D6EC6C /* Warcraft.xcodeproj */;
			proxyType = 2;
			remoteGlobalIDString = D35C16D52651356700D6EC6C;
			remoteInfo = WarcraftTests;
		};
/* End PBXContainerItemProxy section */

/* Begin PBXCopyFilesBuildPhase section */
		D35C171C2651365600D6EC6C /* Embed Frameworks */ = {
			isa = PBXCopyFilesBuildPhase;
			buildActionMask = 2147483647;
			dstPath = "";
			dstSubfolderSpec = 10;
			files = (
				D35C171B2651365600D6EC6C /* Warcraft.framework in Embed Frameworks */,
			);
			name = "Embed Frameworks";
			runOnlyForDeploymentPostprocessing = 0;
		};
/* End PBXCopyFilesBuildPhase section */

/* Begin PBXFileReference section */
		D35C16F5265135F500D6EC6C /* SampleApp.app */ = {isa = PBXFileReference; explicitFileType = wrapper.application; includeInIndex = 0; path = SampleApp.app; sourceTree = BUILT_PRODUCTS_DIR; };
		D35C16F8265135F500D6EC6C /* AppDelegate.swift */ = {isa = PBXFileReference; lastKnownFileType = sourcecode.swift; path = AppDelegate.swift; sourceTree = "<group>"; };
		D35C16FA265135F500D6EC6C /* SceneDelegate.swift */ = {isa = PBXFileReference; lastKnownFileType = sourcecode.swift; path = SceneDelegate.swift; sourceTree = "<group>"; };
		D35C16FC265135F500D6EC6C /* ViewController.swift */ = {isa = PBXFileReference; lastKnownFileType = sourcecode.swift; path = ViewController.swift; sourceTree = "<group>"; };
		D35C16FF265135F500D6EC6C /* Base */ = {isa = PBXFileReference; lastKnownFileType = file.storyboard; name = Base; path = Base.lproj/Main.storyboard; sourceTree = "<group>"; };
		D35C1701265135F500D6EC6C /* Assets.xcassets */ = {isa = PBXFileReference; lastKnownFileType = folder.assetcatalog; path = Assets.xcassets; sourceTree = "<group>"; };
		D35C1704265135F500D6EC6C /* Base */ = {isa = PBXFileReference; lastKnownFileType = file.storyboard; name = Base; path = Base.lproj/LaunchScreen.storyboard; sourceTree = "<group>"; };
		D35C1706265135F500D6EC6C /* Info.plist */ = {isa = PBXFileReference; lastKnownFileType = text.plist.xml; path = Info.plist; sourceTree = "<group>"; };
		D35C170D2651361F00D6EC6C /* Warcraft.xcodeproj */ = {isa = PBXFileReference; lastKnownFileType = "wrapper.pb-project"; name = Warcraft.xcodeproj; path = ../Warcraft/Warcraft.xcodeproj; sourceTree = "<group>"; };
/* End PBXFileReference section */

/* Begin PBXFrameworksBuildPhase section */
		D35C16F2265135F500D6EC6C /* Frameworks */ = {
			isa = PBXFrameworksBuildPhase;
			buildActionMask = 2147483647;
			files = (
				D35C171A2651365600D6EC6C /* Warcraft.framework in Frameworks */,
			);
			runOnlyForDeploymentPostprocessing = 0;
		};
/* End PBXFrameworksBuildPhase section */

/* Begin PBXGroup section */
		D35C16EC265135F500D6EC6C = {
			isa = PBXGroup;
			children = (
				D35C16F7265135F500D6EC6C /* SampleApp */,
				D35C16F6265135F500D6EC6C /* Products */,
				D35C17192651365600D6EC6C /* Frameworks */,
			);
			sourceTree = "<group>";
		};
		D35C16F6265135F500D6EC6C /* Products */ = {
			isa = PBXGroup;
			children = (
				D35C16F5265135F500D6EC6C /* SampleApp.app */,
			);
			name = Products;
			sourceTree = "<group>";
		};
		D35C16F7265135F500D6EC6C /* SampleApp */ = {
			isa = PBXGroup;
			children = (
				D35C16F8265135F500D6EC6C /* AppDelegate.swift */,
				D35C16FA265135F500D6EC6C /* SceneDelegate.swift */,
				D35C16FC265135F500D6EC6C /* ViewController.swift */,
				D35C16FE265135F500D6EC6C /* Main.storyboard */,
				D35C1701265135F500D6EC6C /* Assets.xcassets */,
				D35C1703265135F500D6EC6C /* LaunchScreen.storyboard */,
				D35C1706265135F500D6EC6C /* Info.plist */,
			);
			path = SampleApp;
			sourceTree = "<group>";
		};
		D35C170E2651361F00D6EC6C /* Products */ = {
			isa = PBXGroup;
			children = (
				D35C17132651361F00D6EC6C /* Warcraft.framework */,
				D35C17152651361F00D6EC6C /* WarcraftTests.xctest */,
			);
			name = Products;
			sourceTree = "<group>";
		};
		D35C17192651365600D6EC6C /* Frameworks */ = {
			isa = PBXGroup;
			children = (
				D35C170D2651361F00D6EC6C /* Warcraft.xcodeproj */,
			);
			name = Frameworks;
			sourceTree = "<group>";
		};
/* End PBXGroup section */

/* Begin PBXNativeTarget section */
		D35C16F4265135F500D6EC6C /* SampleApp */ = {
			isa = PBXNativeTarget;
			buildConfigurationList = D35C1709265135F500D6EC6C /* Build configuration list for PBXNativeTarget "SampleApp" */;
			buildPhases = (
				D35C16F1265135F500D6EC6C /* Sources */,
				D35C16F2265135F500D6EC6C /* Frameworks */,
				D35C16F3265135F500D6EC6C /* Resources */,
				D35C171C2651365600D6EC6C /* Embed Frameworks */,
			);
			buildRules = (
			);
			dependencies = (
			);
			name = SampleApp;
			productName = SampleApp;
			productReference = D35C16F5265135F500D6EC6C /* SampleApp.app */;
			productType = "com.apple.product-type.application";
		};
/* End PBXNativeTarget section */

/* Begin PBXProject section */
		D35C16ED265135F500D6EC6C /* Project object */ = {
			isa = PBXProject;
			attributes = {
				LastSwiftUpdateCheck = 1240;
				LastUpgradeCheck = 1240;
				TargetAttributes = {
					D35C16F4265135F500D6EC6C = {
						CreatedOnToolsVersion = 12.4;
					};
				};
			};
			buildConfigurationList = D35C16F0265135F500D6EC6C /* Build configuration list for PBXProject "SampleApp" */;
			compatibilityVersion = "Xcode 9.3";
			developmentRegion = en;
			hasScannedForEncodings = 0;
			knownRegions = (
				en,
				Base,
			);
			mainGroup = D35C16EC265135F500D6EC6C;
			productRefGroup = D35C16F6265135F500D6EC6C /* Products */;
			projectDirPath = "";
			projectReferences = (
				{
					ProductGroup = D35C170E2651361F00D6EC6C /* Products */;
					ProjectRef = D35C170D2651361F00D6EC6C /* Warcraft.xcodeproj */;
				},
			);
			projectRoot = "";
			targets = (
				D35C16F4265135F500D6EC6C /* SampleApp */,
			);
		};
/* End PBXProject section */

/* Begin PBXReferenceProxy section */
		D35C17132651361F00D6EC6C /* Warcraft.framework */ = {
			isa = PBXReferenceProxy;
			fileType = wrapper.framework;
			path = Warcraft.framework;
			remoteRef = D35C17122651361F00D6EC6C /* PBXContainerItemProxy */;
			sourceTree = BUILT_PRODUCTS_DIR;
		};
		D35C17152651361F00D6EC6C /* WarcraftTests.xctest */ = {
			isa = PBXReferenceProxy;
			fileType = wrapper.cfbundle;
			path = WarcraftTests.xctest;
			remoteRef = D35C17142651361F00D6EC6C /* PBXContainerItemProxy */;
			sourceTree = BUILT_PRODUCTS_DIR;
		};
/* End PBXReferenceProxy section */

/* Begin PBXResourcesBuildPhase section */
		D35C16F3265135F500D6EC6C /* Resources */ = {
			isa = PBXResourcesBuildPhase;
			buildActionMask = 2147483647;
			files = (
				D35C1705265135F500D6EC6C /* LaunchScreen.storyboard in Resources */,
				D35C1702265135F500D6EC6C /* Assets.xcassets in Resources */,
				D35C1700265135F500D6EC6C /* Main.storyboard in Resources */,
			);
			runOnlyForDeploymentPostprocessing = 0;
		};
/* End PBXResourcesBuildPhase section */

/* Begin PBXSourcesBuildPhase section */
		D35C16F1265135F500D6EC6C /* Sources */ = {
			isa = PBXSourcesBuildPhase;
			buildActionMask = 2147483647;
			files = (
				D35C16FD265135F500D6EC6C /* ViewController.swift in Sources */,
				D35C16F9265135F500D6EC6C /* AppDelegate.swift in Sources */,
				D35C16FB265135F500D6EC6C /* SceneDelegate.swift in Sources */,
			);
			runOnlyForDeploymentPostprocessing = 0;
		};
/* End PBXSourcesBuildPhase section */

/* Begin PBXVariantGroup section */
		D35C16FE265135F500D6EC6C /* Main.storyboard */ = {
			isa = PBXVariantGroup;
			children = (
				D35C16FF265135F500D6EC6C /* Base */,
			);
			name = Main.storyboard;
			sourceTree = "<group>";
		};
		D35C1703265135F500D6EC6C /* LaunchScreen.storyboard */ = {
			isa = PBXVariantGroup;
			children = (
				D35C1704265135F500D6EC6C /* Base */,
			);
			name = LaunchScreen.storyboard;
			sourceTree = "<group>";
		};
/* End PBXVariantGroup section */

/* Begin XCBuildConfiguration section */
		D35C1707265135F500D6EC6C /* Debug */ = {
			isa = XCBuildConfiguration;
			buildSettings = {
				ALWAYS_SEARCH_USER_PATHS = NO;
				CLANG_ANALYZER_NONNULL = YES;
				CLANG_ANALYZER_NUMBER_OBJECT_CONVERSION = YES_AGGRESSIVE;
				CLANG_CXX_LANGUAGE_STANDARD = "gnu++14";
				CLANG_CXX_LIBRARY = "libc++";
				CLANG_ENABLE_MODULES = YES;
				CLANG_ENABLE_OBJC_ARC = YES;
				CLANG_ENABLE_OBJC_WEAK = YES;
				CLANG_WARN_BLOCK_CAPTURE_AUTORELEASING = YES;
				CLANG_WARN_BOOL_CONVERSION = YES;
				CLANG_WARN_COMMA = YES;
				CLANG_WARN_CONSTANT_CONVERSION = YES;
				CLANG_WARN_DEPRECATED_OBJC_IMPLEMENTATIONS = YES;
				CLANG_WARN_DIRECT_OBJC_ISA_USAGE = YES_ERROR;
				CLANG_WARN_DOCUMENTATION_COMMENTS = YES;
				CLANG_WARN_EMPTY_BODY = YES;
				CLANG_WARN_ENUM_CONVERSION = YES;
				CLANG_WARN_INFINITE_RECURSION = YES;
				CLANG_WARN_INT_CONVERSION = YES;
				CLANG_WARN_NON_LITERAL_NULL_CONVERSION = YES;
				CLANG_WARN_OBJC_IMPLICIT_RETAIN_SELF = YES;
				CLANG_WARN_OBJC_LITERAL_CONVERSION = YES;
				CLANG_WARN_OBJC_ROOT_CLASS = YES_ERROR;
				CLANG_WARN_QUOTED_INCLUDE_IN_FRAMEWORK_HEADER = YES;
				CLANG_WARN_RANGE_LOOP_ANALYSIS = YES;
				CLANG_WARN_STRICT_PROTOTYPES = YES;
				CLANG_WARN_SUSPICIOUS_MOVE = YES;
				CLANG_WARN_UNGUARDED_AVAILABILITY = YES_AGGRESSIVE;
				CLANG_WARN_UNREACHABLE_CODE = YES;
				CLANG_WARN__DUPLICATE_METHOD_MATCH = YES;
				COPY_PHASE_STRIP = NO;
				DEBUG_INFORMATION_FORMAT = dwarf;
				ENABLE_STRICT_OBJC_MSGSEND = YES;
				ENABLE_TESTABILITY = YES;
				GCC_C_LANGUAGE_STANDARD = gnu11;
				GCC_DYNAMIC_NO_PIC = NO;
				GCC_NO_COMMON_BLOCKS = YES;
				GCC_OPTIMIZATION_LEVEL = 0;
				GCC_PREPROCESSOR_DEFINITIONS = (
					"DEBUG=1",
					"$(inherited)",
				);
				GCC_WARN_64_TO_32_BIT_CONVERSION = YES;
				GCC_WARN_ABOUT_RETURN_TYPE = YES_ERROR;
				GCC_WARN_UNDECLARED_SELECTOR = YES;
				GCC_WARN_UNINITIALIZED_AUTOS = YES_AGGRESSIVE;
				GCC_WARN_UNUSED_FUNCTION = YES;
				GCC_WARN_UNUSED_VARIABLE = YES;
				IPHONEOS_DEPLOYMENT_TARGET = 13.0;
				MTL_ENABLE_DEBUG_INFO = INCLUDE_SOURCE;
				MTL_FAST_MATH = YES;
				ONLY_ACTIVE_ARCH = YES;
				SDKROOT = iphoneos;
				SWIFT_ACTIVE_COMPILATION_CONDITIONS = DEBUG;
				SWIFT_OPTIMIZATION_LEVEL = "-Onone";
			};
			name = Debug;
		};
		D35C1708265135F500D6EC6C /* Release */ = {
			isa = XCBuildConfiguration;
			buildSettings = {
				ALWAYS_SEARCH_USER_PATHS = NO;
				CLANG_ANALYZER_NONNULL = YES;
				CLANG_ANALYZER_NUMBER_OBJECT_CONVERSION = YES_AGGRESSIVE;
				CLANG_CXX_LANGUAGE_STANDARD = "gnu++14";
				CLANG_CXX_LIBRARY = "libc++";
				CLANG_ENABLE_MODULES = YES;
				CLANG_ENABLE_OBJC_ARC = YES;
				CLANG_ENABLE_OBJC_WEAK = YES;
				CLANG_WARN_BLOCK_CAPTURE_AUTORELEASING = YES;
				CLANG_WARN_BOOL_CONVERSION = YES;
				CLANG_WARN_COMMA = YES;
				CLANG_WARN_CONSTANT_CONVERSION = YES;
				CLANG_WARN_DEPRECATED_OBJC_IMPLEMENTATIONS = YES;
				CLANG_WARN_DIRECT_OBJC_ISA_USAGE = YES_ERROR;
				CLANG_WARN_DOCUMENTATION_COMMENTS = YES;
				CLANG_WARN_EMPTY_BODY = YES;
				CLANG_WARN_ENUM_CONVERSION = YES;
				CLANG_WARN_INFINITE_RECURSION = YES;
				CLANG_WARN_INT_CONVERSION = YES;
				CLANG_WARN_NON_LITERAL_NULL_CONVERSION = YES;
				CLANG_WARN_OBJC_IMPLICIT_RETAIN_SELF = YES;
				CLANG_WARN_OBJC_LITERAL_CONVERSION = YES;
				CLANG_WARN_OBJC_ROOT_CLASS = YES_ERROR;
				CLANG_WARN_QUOTED_INCLUDE_IN_FRAMEWORK_HEADER = YES;
				CLANG_WARN_RANGE_LOOP_ANALYSIS = YES;
				CLANG_WARN_STRICT_PROTOTYPES = YES;
				CLANG_WARN_SUSPICIOUS_MOVE = YES;
				CLANG_WARN_UNGUARDED_AVAILABILITY = YES_AGGRESSIVE;
				CLANG_WARN_UNREACHABLE_CODE = YES;
				CLANG_WARN__DUPLICATE_METHOD_MATCH = YES;
				COPY_PHASE_STRIP = NO;
				DEBUG_INFORMATION_FORMAT = "dwarf-with-dsym";
				ENABLE_NS_ASSERTIONS = NO;
				ENABLE_STRICT_OBJC_MSGSEND = YES;
				GCC_C_LANGUAGE_STANDARD = gnu11;
				GCC_NO_COMMON_BLOCKS = YES;
				GCC_WARN_64_TO_32_BIT_CONVERSION = YES;
				GCC_WARN_ABOUT_RETURN_TYPE = YES_ERROR;
				GCC_WARN_UNDECLARED_SELECTOR = YES;
				GCC_WARN_UNINITIALIZED_AUTOS = YES_AGGRESSIVE;
				GCC_WARN_UNUSED_FUNCTION = YES;
				GCC_WARN_UNUSED_VARIABLE = YES;
				IPHONEOS_DEPLOYMENT_TARGET = 13.0;
				MTL_ENABLE_DEBUG_INFO = NO;
				MTL_FAST_MATH = YES;
				SDKROOT = iphoneos;
				SWIFT_COMPILATION_MODE = wholemodule;
				SWIFT_OPTIMIZATION_LEVEL = "-O";
				VALIDATE_PRODUCT = YES;
			};
			name = Release;
		};
		D35C170A265135F500D6EC6C /* Debug */ = {
			isa = XCBuildConfiguration;
			buildSettings = {
				ASSETCATALOG_COMPILER_APPICON_NAME = AppIcon;
				ASSETCATALOG_COMPILER_GLOBAL_ACCENT_COLOR_NAME = AccentColor;
				CODE_SIGN_STYLE = Automatic;
				DEVELOPMENT_TEAM = RRW2TQSD7X;
				INFOPLIST_FILE = SampleApp/Info.plist;
				LD_RUNPATH_SEARCH_PATHS = (
					"$(inherited)",
					"@executable_path/Frameworks",
				);
				PRODUCT_BUNDLE_IDENTIFIER = com.cnolan.SampleApp;
				PRODUCT_NAME = "$(TARGET_NAME)";
				SWIFT_VERSION = 5.0;
				TARGETED_DEVICE_FAMILY = "1,2";
			};
			name = Debug;
		};
		D35C170B265135F500D6EC6C /* Release */ = {
			isa = XCBuildConfiguration;
			buildSettings = {
				ASSETCATALOG_COMPILER_APPICON_NAME = AppIcon;
				ASSETCATALOG_COMPILER_GLOBAL_ACCENT_COLOR_NAME = AccentColor;
				CODE_SIGN_STYLE = Automatic;
				DEVELOPMENT_TEAM = RRW2TQSD7X;
				INFOPLIST_FILE = SampleApp/Info.plist;
				LD_RUNPATH_SEARCH_PATHS = (
					"$(inherited)",
					"@executable_path/Frameworks",
				);
				PRODUCT_BUNDLE_IDENTIFIER = com.cnolan.SampleApp;
				PRODUCT_NAME = "$(TARGET_NAME)";
				SWIFT_VERSION = 5.0;
				TARGETED_DEVICE_FAMILY = "1,2";
			};
			name = Release;
		};
/* End XCBuildConfiguration section */

/* Begin XCConfigurationList section */
		D35C16F0265135F500D6EC6C /* Build configuration list for PBXProject "SampleApp" */ = {
			isa = XCConfigurationList;
			buildConfigurations = (
				D35C1707265135F500D6EC6C /* Debug */,
				D35C1708265135F500D6EC6C /* Release */,
			);
			defaultConfigurationIsVisible = 0;
			defaultConfigurationName = Release;
		};
		D35C1709265135F500D6EC6C /* Build configuration list for PBXNativeTarget "SampleApp" */ = {
			isa = XCConfigurationList;
			buildConfigurations = (
				D35C170A265135F500D6EC6C /* Debug */,
				D35C170B265135F500D6EC6C /* Release */,
			);
			defaultConfigurationIsVisible = 0;
			defaultConfigurationName = Release;
		};
/* End XCConfigurationList section */
	};
	rootObject = D35C16ED265135F500D6EC6C /* Project object */;
}
